
Microsoft Visual Studio Solution File, Format Version 12.00
# Visual Studio Version 16
VisualStudioVersion = 16.0.29102.190
MinimumVisualStudioVersion = 10.0.40219.1
Project("{FAE04EC0-301F-11D3-BF4B-00C04F79EFBC}") = "FiWebScraper", "FiWebScraper\FiWebScraper.csproj", "{90B91DCB-F19C-44D5-85F1-EEDDB6ADFDC7}"
EndProject
Global
	GlobalSection(SolutionConfigurationPlatforms) = preSolution
		Debug|Any CPU = Debug|Any CPU
		Release|Any CPU = Release|Any CPU
	EndGlobalSection
	GlobalSection(ProjectConfigurationPlatforms) = postSolution
		{90B91DCB-F19C-44D5-85F1-EEDDB6ADFDC7}.Debug|Any CPU.ActiveCfg = Debug|Any CPU
		{90B91DCB-F19C-44D5-85F1-EEDDB6ADFDC7}.Debug|Any CPU.Build.0 = Debug|Any CPU
		{90B91DCB-F19C-44D5-85F1-EEDDB6ADFDC7}.Release|Any CPU.ActiveCfg = Release|Any CPU
		{90B91DCB-F19C-44D5-85F1-EEDDB6ADFDC7}.Release|Any CPU.Build.0 = Release|Any CPU
	EndGlobalSection
	GlobalSection(SolutionProperties) = preSolution
		HideSolutionNode = FALSE
	EndGlobalSection
	GlobalSection(ExtensibilityGlobals) = postSolution
		SolutionGuid = {B663AE05-8F10-4ECA-B0C2-72F9F8E63F73}
	EndGlobalSection
EndGlobal
